// !$*UTF8*$!
{
	archiveVersion = 1;
	classes = {
	};
	objectVersion = 50;
	objects = {

/* Begin PBXBuildFile section */
		B2F45B1B24FD7FAE00CCB817 /* AppDelegate.swift in Sources */ = {isa = PBXBuildFile; fileRef = B2F45B1A24FD7FAE00CCB817 /* AppDelegate.swift */; };
		B2F45B1D24FD7FAE00CCB817 /* SceneDelegate.swift in Sources */ = {isa = PBXBuildFile; fileRef = B2F45B1C24FD7FAE00CCB817 /* SceneDelegate.swift */; };
		B2F45B1F24FD7FAE00CCB817 /* ContentView.swift in Sources */ = {isa = PBXBuildFile; fileRef = B2F45B1E24FD7FAE00CCB817 /* ContentView.swift */; };
		B2F45B2124FD7FAF00CCB817 /* Assets.xcassets in Resources */ = {isa = PBXBuildFile; fileRef = B2F45B2024FD7FAF00CCB817 /* Assets.xcassets */; };
		B2F45B2424FD7FAF00CCB817 /* Preview Assets.xcassets in Resources */ = {isa = PBXBuildFile; fileRef = B2F45B2324FD7FAF00CCB817 /* Preview Assets.xcassets */; };
		B2F45B2724FD7FAF00CCB817 /* LaunchScreen.storyboard in Resources */ = {isa = PBXBuildFile; fileRef = B2F45B2524FD7FAF00CCB817 /* LaunchScreen.storyboard */; };
		B2F45B3224FD7FAF00CCB817 /* Multiplication_exerciseTests.swift in Sources */ = {isa = PBXBuildFile; fileRef = B2F45B3124FD7FAF00CCB817 /* Multiplication_exerciseTests.swift */; };
		B2F45B3E2506A46D00CCB817 /* GameRootView.swift in Sources */ = {isa = PBXBuildFile; fileRef = B2F45B3D2506A46D00CCB817 /* GameRootView.swift */; };
		B2F45B402506A54B00CCB817 /* TitleView.swift in Sources */ = {isa = PBXBuildFile; fileRef = B2F45B3F2506A54B00CCB817 /* TitleView.swift */; };
		B2F45B422506A59100CCB817 /* MainView.swift in Sources */ = {isa = PBXBuildFile; fileRef = B2F45B412506A59100CCB817 /* MainView.swift */; };
		B2F45B462506A63400CCB817 /* ScoreView.swift in Sources */ = {isa = PBXBuildFile; fileRef = B2F45B452506A63300CCB817 /* ScoreView.swift */; };
		B2F45B482506A6B100CCB817 /* QuestView.swift in Sources */ = {isa = PBXBuildFile; fileRef = B2F45B472506A6B100CCB817 /* QuestView.swift */; };
		B2F45B4A2506A71A00CCB817 /* ChoiceView.swift in Sources */ = {isa = PBXBuildFile; fileRef = B2F45B492506A71A00CCB817 /* ChoiceView.swift */; };
		B2F45B502506AD9800CCB817 /* ExerciseModel.swift in Sources */ = {isa = PBXBuildFile; fileRef = B2F45B4F2506AD9800CCB817 /* ExerciseModel.swift */; };
		B2F45B542507088000CCB817 /* ResultView.swift in Sources */ = {isa = PBXBuildFile; fileRef = B2F45B532507088000CCB817 /* ResultView.swift */; };
		B2F45B562509B06000CCB817 /* ArthimeticProblemModel.swift in Sources */ = {isa = PBXBuildFile; fileRef = B2F45B552509B06000CCB817 /* ArthimeticProblemModel.swift */; };
		B2F45B5A250EDC4000CCB817 /* PreferenceButtonView.swift in Sources */ = {isa = PBXBuildFile; fileRef = B2F45B59250EDC4000CCB817 /* PreferenceButtonView.swift */; };
		B2F45B5C250EEFB000CCB817 /* PreferenceView.swift in Sources */ = {isa = PBXBuildFile; fileRef = B2F45B5B250EEFB000CCB817 /* PreferenceView.swift */; };
		B2F45B5E250FEF0800CCB817 /* PreferenceModel.swift in Sources */ = {isa = PBXBuildFile; fileRef = B2F45B5D250FEF0700CCB817 /* PreferenceModel.swift */; };
		B2F45B60251283A300CCB817 /* SummaryView.swift in Sources */ = {isa = PBXBuildFile; fileRef = B2F45B5F251283A300CCB817 /* SummaryView.swift */; };
		B2F45B62251296DC00CCB817 /* ViewConstants.swift in Sources */ = {isa = PBXBuildFile; fileRef = B2F45B61251296DC00CCB817 /* ViewConstants.swift */; };
		B2F45B642512D47E00CCB817 /* Extension.swift in Sources */ = {isa = PBXBuildFile; fileRef = B2F45B632512D47E00CCB817 /* Extension.swift */; };
		B2F45B672512F4CE00CCB817 /* DefaultButtonStyle.swift in Sources */ = {isa = PBXBuildFile; fileRef = B2F45B662512F4CE00CCB817 /* DefaultButtonStyle.swift */; };
/* End PBXBuildFile section */

/* Begin PBXContainerItemProxy section */
		B2F45B2E24FD7FAF00CCB817 /* PBXContainerItemProxy */ = {
			isa = PBXContainerItemProxy;
			containerPortal = B2F45B0F24FD7FAE00CCB817 /* Project object */;
			proxyType = 1;
			remoteGlobalIDString = B2F45B1624FD7FAE00CCB817;
			remoteInfo = "Multiplication exercise";
		};
/* End PBXContainerItemProxy section */

/* Begin PBXFileReference section */
		B2F45B1724FD7FAE00CCB817 /* Multplication exercise.app */ = {isa = PBXFileReference; explicitFileType = wrapper.application; includeInIndex = 0; path = "Multplication exercise.app"; sourceTree = BUILT_PRODUCTS_DIR; };
		B2F45B1A24FD7FAE00CCB817 /* AppDelegate.swift */ = {isa = PBXFileReference; lastKnownFileType = sourcecode.swift; path = AppDelegate.swift; sourceTree = "<group>"; };
		B2F45B1C24FD7FAE00CCB817 /* SceneDelegate.swift */ = {isa = PBXFileReference; lastKnownFileType = sourcecode.swift; path = SceneDelegate.swift; sourceTree = "<group>"; };
		B2F45B1E24FD7FAE00CCB817 /* ContentView.swift */ = {isa = PBXFileReference; lastKnownFileType = sourcecode.swift; path = ContentView.swift; sourceTree = "<group>"; };
		B2F45B2024FD7FAF00CCB817 /* Assets.xcassets */ = {isa = PBXFileReference; lastKnownFileType = folder.assetcatalog; path = Assets.xcassets; sourceTree = "<group>"; };
		B2F45B2324FD7FAF00CCB817 /* Preview Assets.xcassets */ = {isa = PBXFileReference; lastKnownFileType = folder.assetcatalog; path = "Preview Assets.xcassets"; sourceTree = "<group>"; };
		B2F45B2624FD7FAF00CCB817 /* Base */ = {isa = PBXFileReference; lastKnownFileType = file.storyboard; name = Base; path = Base.lproj/LaunchScreen.storyboard; sourceTree = "<group>"; };
		B2F45B2824FD7FAF00CCB817 /* Info.plist */ = {isa = PBXFileReference; lastKnownFileType = text.plist.xml; path = Info.plist; sourceTree = "<group>"; };
		B2F45B2D24FD7FAF00CCB817 /* Multiplication exerciseTests.xctest */ = {isa = PBXFileReference; explicitFileType = wrapper.cfbundle; includeInIndex = 0; path = "Multiplication exerciseTests.xctest"; sourceTree = BUILT_PRODUCTS_DIR; };
		B2F45B3124FD7FAF00CCB817 /* Multiplication_exerciseTests.swift */ = {isa = PBXFileReference; lastKnownFileType = sourcecode.swift; path = Multiplication_exerciseTests.swift; sourceTree = "<group>"; };
		B2F45B3324FD7FAF00CCB817 /* Info.plist */ = {isa = PBXFileReference; lastKnownFileType = text.plist.xml; path = Info.plist; sourceTree = "<group>"; };
		B2F45B3D2506A46D00CCB817 /* GameRootView.swift */ = {isa = PBXFileReference; lastKnownFileType = sourcecode.swift; path = GameRootView.swift; sourceTree = "<group>"; };
		B2F45B3F2506A54B00CCB817 /* TitleView.swift */ = {isa = PBXFileReference; lastKnownFileType = sourcecode.swift; path = TitleView.swift; sourceTree = "<group>"; };
		B2F45B412506A59100CCB817 /* MainView.swift */ = {isa = PBXFileReference; lastKnownFileType = sourcecode.swift; path = MainView.swift; sourceTree = "<group>"; };
		B2F45B452506A63300CCB817 /* ScoreView.swift */ = {isa = PBXFileReference; lastKnownFileType = sourcecode.swift; path = ScoreView.swift; sourceTree = "<group>"; };
		B2F45B472506A6B100CCB817 /* QuestView.swift */ = {isa = PBXFileReference; lastKnownFileType = sourcecode.swift; path = QuestView.swift; sourceTree = "<group>"; };
		B2F45B492506A71A00CCB817 /* ChoiceView.swift */ = {isa = PBXFileReference; lastKnownFileType = sourcecode.swift; path = ChoiceView.swift; sourceTree = "<group>"; };
		B2F45B4F2506AD9800CCB817 /* ExerciseModel.swift */ = {isa = PBXFileReference; lastKnownFileType = sourcecode.swift; path = ExerciseModel.swift; sourceTree = "<group>"; };
		B2F45B532507088000CCB817 /* ResultView.swift */ = {isa = PBXFileReference; lastKnownFileType = sourcecode.swift; path = ResultView.swift; sourceTree = "<group>"; };
		B2F45B552509B06000CCB817 /* ArthimeticProblemModel.swift */ = {isa = PBXFileReference; lastKnownFileType = sourcecode.swift; path = ArthimeticProblemModel.swift; sourceTree = "<group>"; };
		B2F45B59250EDC4000CCB817 /* PreferenceButtonView.swift */ = {isa = PBXFileReference; lastKnownFileType = sourcecode.swift; path = PreferenceButtonView.swift; sourceTree = "<group>"; };
		B2F45B5B250EEFB000CCB817 /* PreferenceView.swift */ = {isa = PBXFileReference; lastKnownFileType = sourcecode.swift; path = PreferenceView.swift; sourceTree = "<group>"; };
		B2F45B5D250FEF0700CCB817 /* PreferenceModel.swift */ = {isa = PBXFileReference; lastKnownFileType = sourcecode.swift; path = PreferenceModel.swift; sourceTree = "<group>"; };
		B2F45B5F251283A300CCB817 /* SummaryView.swift */ = {isa = PBXFileReference; lastKnownFileType = sourcecode.swift; path = SummaryView.swift; sourceTree = "<group>"; };
		B2F45B61251296DC00CCB817 /* ViewConstants.swift */ = {isa = PBXFileReference; lastKnownFileType = sourcecode.swift; path = ViewConstants.swift; sourceTree = "<group>"; };
		B2F45B632512D47E00CCB817 /* Extension.swift */ = {isa = PBXFileReference; lastKnownFileType = sourcecode.swift; path = Extension.swift; sourceTree = "<group>"; };
		B2F45B662512F4CE00CCB817 /* DefaultButtonStyle.swift */ = {isa = PBXFileReference; lastKnownFileType = sourcecode.swift; path = DefaultButtonStyle.swift; sourceTree = "<group>"; };
/* End PBXFileReference section */

/* Begin PBXFrameworksBuildPhase section */
		B2F45B1424FD7FAE00CCB817 /* Frameworks */ = {
			isa = PBXFrameworksBuildPhase;
			buildActionMask = 2147483647;
			files = (
			);
			runOnlyForDeploymentPostprocessing = 0;
		};
		B2F45B2A24FD7FAF00CCB817 /* Frameworks */ = {
			isa = PBXFrameworksBuildPhase;
			buildActionMask = 2147483647;
			files = (
			);
			runOnlyForDeploymentPostprocessing = 0;
		};
/* End PBXFrameworksBuildPhase section */

/* Begin PBXGroup section */
		B2F45B0E24FD7FAE00CCB817 = {
			isa = PBXGroup;
			children = (
				B2F45B1924FD7FAE00CCB817 /* Multiplication exercise */,
				B2F45B3024FD7FAF00CCB817 /* Multiplication exerciseTests */,
				B2F45B1824FD7FAE00CCB817 /* Products */,
			);
			sourceTree = "<group>";
		};
		B2F45B1824FD7FAE00CCB817 /* Products */ = {
			isa = PBXGroup;
			children = (
				B2F45B1724FD7FAE00CCB817 /* Multplication exercise.app */,
				B2F45B2D24FD7FAF00CCB817 /* Multiplication exerciseTests.xctest */,
			);
			name = Products;
			sourceTree = "<group>";
		};
		B2F45B1924FD7FAE00CCB817 /* Multiplication exercise */ = {
			isa = PBXGroup;
			children = (
				B2F45B652512F49B00CCB817 /* ViewConstants */,
				B2F45B58250A835300CCB817 /* Model */,
				B2F45B3C2506A3A500CCB817 /* Views */,
				B2F45B1A24FD7FAE00CCB817 /* AppDelegate.swift */,
				B2F45B1C24FD7FAE00CCB817 /* SceneDelegate.swift */,
				B2F45B2024FD7FAF00CCB817 /* Assets.xcassets */,
				B2F45B2524FD7FAF00CCB817 /* LaunchScreen.storyboard */,
				B2F45B2824FD7FAF00CCB817 /* Info.plist */,
				B2F45B2224FD7FAF00CCB817 /* Preview Content */,
			);
			path = "Multiplication exercise";
			sourceTree = "<group>";
		};
		B2F45B2224FD7FAF00CCB817 /* Preview Content */ = {
			isa = PBXGroup;
			children = (
				B2F45B2324FD7FAF00CCB817 /* Preview Assets.xcassets */,
			);
			path = "Preview Content";
			sourceTree = "<group>";
		};
		B2F45B3024FD7FAF00CCB817 /* Multiplication exerciseTests */ = {
			isa = PBXGroup;
			children = (
				B2F45B3124FD7FAF00CCB817 /* Multiplication_exerciseTests.swift */,
				B2F45B3324FD7FAF00CCB817 /* Info.plist */,
			);
			path = "Multiplication exerciseTests";
			sourceTree = "<group>";
		};
		B2F45B3C2506A3A500CCB817 /* Views */ = {
			isa = PBXGroup;
			children = (
				B2F45B1E24FD7FAE00CCB817 /* ContentView.swift */,
				B2F45B3D2506A46D00CCB817 /* GameRootView.swift */,
				B2F45B3F2506A54B00CCB817 /* TitleView.swift */,
				B2F45B412506A59100CCB817 /* MainView.swift */,
				B2F45B452506A63300CCB817 /* ScoreView.swift */,
				B2F45B472506A6B100CCB817 /* QuestView.swift */,
				B2F45B492506A71A00CCB817 /* ChoiceView.swift */,
				B2F45B532507088000CCB817 /* ResultView.swift */,
				B2F45B59250EDC4000CCB817 /* PreferenceButtonView.swift */,
				B2F45B5B250EEFB000CCB817 /* PreferenceView.swift */,
				B2F45B5F251283A300CCB817 /* SummaryView.swift */,
			);
			path = Views;
			sourceTree = "<group>";
		};
		B2F45B58250A835300CCB817 /* Model */ = {
			isa = PBXGroup;
			children = (
				B2F45B4F2506AD9800CCB817 /* ExerciseModel.swift */,
				B2F45B552509B06000CCB817 /* ArthimeticProblemModel.swift */,
				B2F45B5D250FEF0700CCB817 /* PreferenceModel.swift */,
				B2F45B632512D47E00CCB817 /* Extension.swift */,
			);
			path = Model;
			sourceTree = "<group>";
		};
		B2F45B652512F49B00CCB817 /* ViewConstants */ = {
			isa = PBXGroup;
			children = (
				B2F45B61251296DC00CCB817 /* ViewConstants.swift */,
				B2F45B662512F4CE00CCB817 /* DefaultButtonStyle.swift */,
			);
			path = ViewConstants;
			sourceTree = "<group>";
		};
/* End PBXGroup section */

/* Begin PBXNativeTarget section */
		B2F45B1624FD7FAE00CCB817 /* Multiplication exercise */ = {
			isa = PBXNativeTarget;
			buildConfigurationList = B2F45B3624FD7FAF00CCB817 /* Build configuration list for PBXNativeTarget "Multiplication exercise" */;
			buildPhases = (
				B2F45B1324FD7FAE00CCB817 /* Sources */,
				B2F45B1424FD7FAE00CCB817 /* Frameworks */,
				B2F45B1524FD7FAE00CCB817 /* Resources */,
			);
			buildRules = (
			);
			dependencies = (
			);
			name = "Multiplication exercise";
			productName = "Multiplication exercise";
			productReference = B2F45B1724FD7FAE00CCB817 /* Multplication exercise.app */;
			productType = "com.apple.product-type.application";
		};
		B2F45B2C24FD7FAF00CCB817 /* Multiplication exerciseTests */ = {
			isa = PBXNativeTarget;
			buildConfigurationList = B2F45B3924FD7FAF00CCB817 /* Build configuration list for PBXNativeTarget "Multiplication exerciseTests" */;
			buildPhases = (
				B2F45B2924FD7FAF00CCB817 /* Sources */,
				B2F45B2A24FD7FAF00CCB817 /* Frameworks */,
				B2F45B2B24FD7FAF00CCB817 /* Resources */,
			);
			buildRules = (
			);
			dependencies = (
				B2F45B2F24FD7FAF00CCB817 /* PBXTargetDependency */,
			);
			name = "Multiplication exerciseTests";
			productName = "Multiplication exerciseTests";
			productReference = B2F45B2D24FD7FAF00CCB817 /* Multiplication exerciseTests.xctest */;
			productType = "com.apple.product-type.bundle.unit-test";
		};
/* End PBXNativeTarget section */

/* Begin PBXProject section */
		B2F45B0F24FD7FAE00CCB817 /* Project object */ = {
			isa = PBXProject;
			attributes = {
				LastSwiftUpdateCheck = 1160;
				LastUpgradeCheck = 1160;
				ORGANIZATIONNAME = "Chenyin Zhang";
				TargetAttributes = {
					B2F45B1624FD7FAE00CCB817 = {
						CreatedOnToolsVersion = 11.6;
					};
					B2F45B2C24FD7FAF00CCB817 = {
						CreatedOnToolsVersion = 11.6;
						TestTargetID = B2F45B1624FD7FAE00CCB817;
					};
				};
			};
			buildConfigurationList = B2F45B1224FD7FAE00CCB817 /* Build configuration list for PBXProject "Multiplication exercise" */;
			compatibilityVersion = "Xcode 9.3";
			developmentRegion = en;
			hasScannedForEncodings = 0;
			knownRegions = (
				en,
				Base,
			);
			mainGroup = B2F45B0E24FD7FAE00CCB817;
			productRefGroup = B2F45B1824FD7FAE00CCB817 /* Products */;
			projectDirPath = "";
			projectRoot = "";
			targets = (
				B2F45B1624FD7FAE00CCB817 /* Multiplication exercise */,
				B2F45B2C24FD7FAF00CCB817 /* Multiplication exerciseTests */,
			);
		};
/* End PBXProject section */

/* Begin PBXResourcesBuildPhase section */
		B2F45B1524FD7FAE00CCB817 /* Resources */ = {
			isa = PBXResourcesBuildPhase;
			buildActionMask = 2147483647;
			files = (
				B2F45B2724FD7FAF00CCB817 /* LaunchScreen.storyboard in Resources */,
				B2F45B2424FD7FAF00CCB817 /* Preview Assets.xcassets in Resources */,
				B2F45B2124FD7FAF00CCB817 /* Assets.xcassets in Resources */,
			);
			runOnlyForDeploymentPostprocessing = 0;
		};
		B2F45B2B24FD7FAF00CCB817 /* Resources */ = {
			isa = PBXResourcesBuildPhase;
			buildActionMask = 2147483647;
			files = (
			);
			runOnlyForDeploymentPostprocessing = 0;
		};
/* End PBXResourcesBuildPhase section */

/* Begin PBXSourcesBuildPhase section */
		B2F45B1324FD7FAE00CCB817 /* Sources */ = {
			isa = PBXSourcesBuildPhase;
			buildActionMask = 2147483647;
			files = (
				B2F45B1B24FD7FAE00CCB817 /* AppDelegate.swift in Sources */,
				B2F45B4A2506A71A00CCB817 /* ChoiceView.swift in Sources */,
				B2F45B422506A59100CCB817 /* MainView.swift in Sources */,
				B2F45B5C250EEFB000CCB817 /* PreferenceView.swift in Sources */,
				B2F45B542507088000CCB817 /* ResultView.swift in Sources */,
				B2F45B60251283A300CCB817 /* SummaryView.swift in Sources */,
				B2F45B5A250EDC4000CCB817 /* PreferenceButtonView.swift in Sources */,
				B2F45B1D24FD7FAE00CCB817 /* SceneDelegate.swift in Sources */,
				B2F45B5E250FEF0800CCB817 /* PreferenceModel.swift in Sources */,
				B2F45B642512D47E00CCB817 /* Extension.swift in Sources */,
				B2F45B502506AD9800CCB817 /* ExerciseModel.swift in Sources */,
				B2F45B3E2506A46D00CCB817 /* GameRootView.swift in Sources */,
				B2F45B62251296DC00CCB817 /* ViewConstants.swift in Sources */,
				B2F45B672512F4CE00CCB817 /* DefaultButtonStyle.swift in Sources */,
				B2F45B462506A63400CCB817 /* ScoreView.swift in Sources */,
				B2F45B1F24FD7FAE00CCB817 /* ContentView.swift in Sources */,
				B2F45B402506A54B00CCB817 /* TitleView.swift in Sources */,
				B2F45B482506A6B100CCB817 /* QuestView.swift in Sources */,
				B2F45B562509B06000CCB817 /* ArthimeticProblemModel.swift in Sources */,
			);
			runOnlyForDeploymentPostprocessing = 0;
		};
		B2F45B2924FD7FAF00CCB817 /* Sources */ = {
			isa = PBXSourcesBuildPhase;
			buildActionMask = 2147483647;
			files = (
				B2F45B3224FD7FAF00CCB817 /* Multiplication_exerciseTests.swift in Sources */,
			);
			runOnlyForDeploymentPostprocessing = 0;
		};
/* End PBXSourcesBuildPhase section */

/* Begin PBXTargetDependency section */
		B2F45B2F24FD7FAF00CCB817 /* PBXTargetDependency */ = {
			isa = PBXTargetDependency;
			target = B2F45B1624FD7FAE00CCB817 /* Multiplication exercise */;
			targetProxy = B2F45B2E24FD7FAF00CCB817 /* PBXContainerItemProxy */;
		};
/* End PBXTargetDependency section */

/* Begin PBXVariantGroup section */
		B2F45B2524FD7FAF00CCB817 /* LaunchScreen.storyboard */ = {
			isa = PBXVariantGroup;
			children = (
				B2F45B2624FD7FAF00CCB817 /* Base */,
			);
			name = LaunchScreen.storyboard;
			sourceTree = "<group>";
		};
/* End PBXVariantGroup section */

/* Begin XCBuildConfiguration section */
		B2F45B3424FD7FAF00CCB817 /* Debug */ = {
			isa = XCBuildConfiguration;
			buildSettings = {
				ALWAYS_SEARCH_USER_PATHS = NO;
				CLANG_ANALYZER_NONNULL = YES;
				CLANG_ANALYZER_NUMBER_OBJECT_CONVERSION = YES_AGGRESSIVE;
				CLANG_CXX_LANGUAGE_STANDARD = "gnu++14";
				CLANG_CXX_LIBRARY = "libc++";
				CLANG_ENABLE_MODULES = YES;
				CLANG_ENABLE_OBJC_ARC = YES;
				CLANG_ENABLE_OBJC_WEAK = YES;
				CLANG_WARN_BLOCK_CAPTURE_AUTORELEASING = YES;
				CLANG_WARN_BOOL_CONVERSION = YES;
				CLANG_WARN_COMMA = YES;
				CLANG_WARN_CONSTANT_CONVERSION = YES;
				CLANG_WARN_DEPRECATED_OBJC_IMPLEMENTATIONS = YES;
				CLANG_WARN_DIRECT_OBJC_ISA_USAGE = YES_ERROR;
				CLANG_WARN_DOCUMENTATION_COMMENTS = YES;
				CLANG_WARN_EMPTY_BODY = YES;
				CLANG_WARN_ENUM_CONVERSION = YES;
				CLANG_WARN_INFINITE_RECURSION = YES;
				CLANG_WARN_INT_CONVERSION = YES;
				CLANG_WARN_NON_LITERAL_NULL_CONVERSION = YES;
				CLANG_WARN_OBJC_IMPLICIT_RETAIN_SELF = YES;
				CLANG_WARN_OBJC_LITERAL_CONVERSION = YES;
				CLANG_WARN_OBJC_ROOT_CLASS = YES_ERROR;
				CLANG_WARN_RANGE_LOOP_ANALYSIS = YES;
				CLANG_WARN_STRICT_PROTOTYPES = YES;
				CLANG_WARN_SUSPICIOUS_MOVE = YES;
				CLANG_WARN_UNGUARDED_AVAILABILITY = YES_AGGRESSIVE;
				CLANG_WARN_UNREACHABLE_CODE = YES;
				CLANG_WARN__DUPLICATE_METHOD_MATCH = YES;
				COPY_PHASE_STRIP = NO;
				DEBUG_INFORMATION_FORMAT = dwarf;
				ENABLE_STRICT_OBJC_MSGSEND = YES;
				ENABLE_TESTABILITY = YES;
				GCC_C_LANGUAGE_STANDARD = gnu11;
				GCC_DYNAMIC_NO_PIC = NO;
				GCC_NO_COMMON_BLOCKS = YES;
				GCC_OPTIMIZATION_LEVEL = 0;
				GCC_PREPROCESSOR_DEFINITIONS = (
					"DEBUG=1",
					"$(inherited)",
				);
				GCC_WARN_64_TO_32_BIT_CONVERSION = YES;
				GCC_WARN_ABOUT_RETURN_TYPE = YES_ERROR;
				GCC_WARN_UNDECLARED_SELECTOR = YES;
				GCC_WARN_UNINITIALIZED_AUTOS = YES_AGGRESSIVE;
				GCC_WARN_UNUSED_FUNCTION = YES;
				GCC_WARN_UNUSED_VARIABLE = YES;
				IPHONEOS_DEPLOYMENT_TARGET = 13.6;
				MTL_ENABLE_DEBUG_INFO = INCLUDE_SOURCE;
				MTL_FAST_MATH = YES;
				ONLY_ACTIVE_ARCH = YES;
				SDKROOT = iphoneos;
				SWIFT_ACTIVE_COMPILATION_CONDITIONS = DEBUG;
				SWIFT_OPTIMIZATION_LEVEL = "-Onone";
			};
			name = Debug;
		};
		B2F45B3524FD7FAF00CCB817 /* Release */ = {
			isa = XCBuildConfiguration;
			buildSettings = {
				ALWAYS_SEARCH_USER_PATHS = NO;
				CLANG_ANALYZER_NONNULL = YES;
				CLANG_ANALYZER_NUMBER_OBJECT_CONVERSION = YES_AGGRESSIVE;
				CLANG_CXX_LANGUAGE_STANDARD = "gnu++14";
				CLANG_CXX_LIBRARY = "libc++";
				CLANG_ENABLE_MODULES = YES;
				CLANG_ENABLE_OBJC_ARC = YES;
				CLANG_ENABLE_OBJC_WEAK = YES;
				CLANG_WARN_BLOCK_CAPTURE_AUTORELEASING = YES;
				CLANG_WARN_BOOL_CONVERSION = YES;
				CLANG_WARN_COMMA = YES;
				CLANG_WARN_CONSTANT_CONVERSION = YES;
				CLANG_WARN_DEPRECATED_OBJC_IMPLEMENTATIONS = YES;
				CLANG_WARN_DIRECT_OBJC_ISA_USAGE = YES_ERROR;
				CLANG_WARN_DOCUMENTATION_COMMENTS = YES;
				CLANG_WARN_EMPTY_BODY = YES;
				CLANG_WARN_ENUM_CONVERSION = YES;
				CLANG_WARN_INFINITE_RECURSION = YES;
				CLANG_WARN_INT_CONVERSION = YES;
				CLANG_WARN_NON_LITERAL_NULL_CONVERSION = YES;
				CLANG_WARN_OBJC_IMPLICIT_RETAIN_SELF = YES;
				CLANG_WARN_OBJC_LITERAL_CONVERSION = YES;
				CLANG_WARN_OBJC_ROOT_CLASS = YES_ERROR;
				CLANG_WARN_RANGE_LOOP_ANALYSIS = YES;
				CLANG_WARN_STRICT_PROTOTYPES = YES;
				CLANG_WARN_SUSPICIOUS_MOVE = YES;
				CLANG_WARN_UNGUARDED_AVAILABILITY = YES_AGGRESSIVE;
				CLANG_WARN_UNREACHABLE_CODE = YES;
				CLANG_WARN__DUPLICATE_METHOD_MATCH = YES;
				COPY_PHASE_STRIP = NO;
				DEBUG_INFORMATION_FORMAT = "dwarf-with-dsym";
				ENABLE_NS_ASSERTIONS = NO;
				ENABLE_STRICT_OBJC_MSGSEND = YES;
				GCC_C_LANGUAGE_STANDARD = gnu11;
				GCC_NO_COMMON_BLOCKS = YES;
				GCC_WARN_64_TO_32_BIT_CONVERSION = YES;
				GCC_WARN_ABOUT_RETURN_TYPE = YES_ERROR;
				GCC_WARN_UNDECLARED_SELECTOR = YES;
				GCC_WARN_UNINITIALIZED_AUTOS = YES_AGGRESSIVE;
				GCC_WARN_UNUSED_FUNCTION = YES;
				GCC_WARN_UNUSED_VARIABLE = YES;
				IPHONEOS_DEPLOYMENT_TARGET = 13.6;
				MTL_ENABLE_DEBUG_INFO = NO;
				MTL_FAST_MATH = YES;
				SDKROOT = iphoneos;
				SWIFT_COMPILATION_MODE = wholemodule;
				SWIFT_OPTIMIZATION_LEVEL = "-O";
				VALIDATE_PRODUCT = YES;
			};
			name = Release;
		};
		B2F45B3724FD7FAF00CCB817 /* Debug */ = {
			isa = XCBuildConfiguration;
			buildSettings = {
				ASSETCATALOG_COMPILER_APPICON_NAME = AppIcon;
				CODE_SIGN_IDENTITY = "Apple Development";
				CODE_SIGN_STYLE = Automatic;
				DEVELOPMENT_ASSET_PATHS = "\"Multiplication exercise/Preview Content\"";
				DEVELOPMENT_TEAM = 7RMY788NB8;
				ENABLE_PREVIEWS = YES;
				INFOPLIST_FILE = "Multiplication exercise/Info.plist";
				LD_RUNPATH_SEARCH_PATHS = (
					"$(inherited)",
					"@executable_path/Frameworks",
				);
				PRODUCT_BUNDLE_IDENTIFIER = "PSU.Multiplication-exercise";
				PRODUCT_NAME = "Multplication exercise";
				PROVISIONING_PROFILE_SPECIFIER = "";
				SWIFT_VERSION = 5.0;
				TARGETED_DEVICE_FAMILY = "1,2";
			};
			name = Debug;
		};
		B2F45B3824FD7FAF00CCB817 /* Release */ = {
			isa = XCBuildConfiguration;
			buildSettings = {
				ASSETCATALOG_COMPILER_APPICON_NAME = AppIcon;
				CODE_SIGN_IDENTITY = "Apple Development";
				CODE_SIGN_STYLE = Automatic;
				DEVELOPMENT_ASSET_PATHS = "\"Multiplication exercise/Preview Content\"";
				DEVELOPMENT_TEAM = 7RMY788NB8;
				ENABLE_PREVIEWS = YES;
				INFOPLIST_FILE = "Multiplication exercise/Info.plist";
				LD_RUNPATH_SEARCH_PATHS = (
					"$(inherited)",
					"@executable_path/Frameworks",
				);
				PRODUCT_BUNDLE_IDENTIFIER = "PSU.Multiplication-exercise";
				PRODUCT_NAME = "Multplication exercise";
				PROVISIONING_PROFILE_SPECIFIER = "";
				SWIFT_VERSION = 5.0;
				TARGETED_DEVICE_FAMILY = "1,2";
			};
			name = Release;
		};
		B2F45B3A24FD7FAF00CCB817 /* Debug */ = {
			isa = XCBuildConfiguration;
			buildSettings = {
				ALWAYS_EMBED_SWIFT_STANDARD_LIBRARIES = YES;
				BUNDLE_LOADER = "$(TEST_HOST)";
				"CODE_SIGN_IDENTITY[sdk=macosx*]" = "Apple Development";
				CODE_SIGN_STYLE = Automatic;
				DEVELOPMENT_TEAM = 7RMY788NB8;
				INFOPLIST_FILE = "Multiplication exerciseTests/Info.plist";
				IPHONEOS_DEPLOYMENT_TARGET = 13.6;
				LD_RUNPATH_SEARCH_PATHS = (
					"$(inherited)",
					"@executable_path/Frameworks",
					"@loader_path/Frameworks",
				);
				PRODUCT_BUNDLE_IDENTIFIER = "PSU.Multiplication-exerciseTests";
				PRODUCT_NAME = "$(TARGET_NAME)";
				SWIFT_VERSION = 5.0;
				TARGETED_DEVICE_FAMILY = "1,2";
				TEST_HOST = "$(BUILT_PRODUCTS_DIR)/Multiplication exercise.app/Multiplication exercise";
			};
			name = Debug;
		};
		B2F45B3B24FD7FAF00CCB817 /* Release */ = {
			isa = XCBuildConfiguration;
			buildSettings = {
				ALWAYS_EMBED_SWIFT_STANDARD_LIBRARIES = YES;
				BUNDLE_LOADER = "$(TEST_HOST)";
				"CODE_SIGN_IDENTITY[sdk=macosx*]" = "Apple Development";
				CODE_SIGN_STYLE = Automatic;
				DEVELOPMENT_TEAM = 7RMY788NB8;
				INFOPLIST_FILE = "Multiplication exerciseTests/Info.plist";
				IPHONEOS_DEPLOYMENT_TARGET = 13.6;
				LD_RUNPATH_SEARCH_PATHS = (
					"$(inherited)",
					"@executable_path/Frameworks",
					"@loader_path/Frameworks",
				);
				PRODUCT_BUNDLE_IDENTIFIER = "PSU.Multiplication-exerciseTests";
				PRODUCT_NAME = "$(TARGET_NAME)";
				SWIFT_VERSION = 5.0;
				TARGETED_DEVICE_FAMILY = "1,2";
				TEST_HOST = "$(BUILT_PRODUCTS_DIR)/Multiplication exercise.app/Multiplication exercise";
			};
			name = Release;
		};
/* End XCBuildConfiguration section */

/* Begin XCConfigurationList section */
		B2F45B1224FD7FAE00CCB817 /* Build configuration list for PBXProject "Multiplication exercise" */ = {
			isa = XCConfigurationList;
			buildConfigurations = (
				B2F45B3424FD7FAF00CCB817 /* Debug */,
				B2F45B3524FD7FAF00CCB817 /* Release */,
			);
			defaultConfigurationIsVisible = 0;
			defaultConfigurationName = Release;
		};
		B2F45B3624FD7FAF00CCB817 /* Build configuration list for PBXNativeTarget "Multiplication exercise" */ = {
			isa = XCConfigurationList;
			buildConfigurations = (
				B2F45B3724FD7FAF00CCB817 /* Debug */,
				B2F45B3824FD7FAF00CCB817 /* Release */,
			);
			defaultConfigurationIsVisible = 0;
			defaultConfigurationName = Release;
		};
		B2F45B3924FD7FAF00CCB817 /* Build configuration list for PBXNativeTarget "Multiplication exerciseTests" */ = {
			isa = XCConfigurationList;
			buildConfigurations = (
				B2F45B3A24FD7FAF00CCB817 /* Debug */,
				B2F45B3B24FD7FAF00CCB817 /* Release */,
			);
			defaultConfigurationIsVisible = 0;
			defaultConfigurationName = Release;
		};
/* End XCConfigurationList section */
	};
	rootObject = B2F45B0F24FD7FAE00CCB817 /* Project object */;
}
