// !$*UTF8*$!
{
	archiveVersion = 1;
	classes = {
	};
	objectVersion = 50;
	objects = {

/* Begin PBXBuildFile section */
		B21102F1257FD9B100648FC1 /* SplashScreen.swift in Sources */ = {isa = PBXBuildFile; fileRef = B21102F0257FD9B100648FC1 /* SplashScreen.swift */; };
		B21102FA257FE4F000648FC1 /* String+FirstLetter.swift in Sources */ = {isa = PBXBuildFile; fileRef = B21102F9257FE4F000648FC1 /* String+FirstLetter.swift */; };
		B2110307258013DB00648FC1 /* NavigationBarModifier.swift in Sources */ = {isa = PBXBuildFile; fileRef = B2110306258013DB00648FC1 /* NavigationBarModifier.swift */; };
		B211030C258064DC00648FC1 /* ContactDetailInfoView.swift in Sources */ = {isa = PBXBuildFile; fileRef = B211030B258064DC00648FC1 /* ContactDetailInfoView.swift */; };
		B2110317258152A100648FC1 /* ExportHelper.swift in Sources */ = {isa = PBXBuildFile; fileRef = B2110316258152A100648FC1 /* ExportHelper.swift */; };
		B21103262581990500648FC1 /* ContactDetailModifyView.swift in Sources */ = {isa = PBXBuildFile; fileRef = B21103252581990500648FC1 /* ContactDetailModifyView.swift */; };
		B21D8913256402C000293E11 /* ContactListView.swift in Sources */ = {isa = PBXBuildFile; fileRef = B21D8912256402C000293E11 /* ContactListView.swift */; };
		B21D891E256496E500293E11 /* ProcessItemView.swift in Sources */ = {isa = PBXBuildFile; fileRef = B21D891D256496E500293E11 /* ProcessItemView.swift */; };
		B21D89232564B47900293E11 /* ContactRecordModel.swift in Sources */ = {isa = PBXBuildFile; fileRef = B21D89222564B47900293E11 /* ContactRecordModel.swift */; };
		B21D892D2564E74700293E11 /* NSRegularExpression+init.swift in Sources */ = {isa = PBXBuildFile; fileRef = B21D892C2564E74700293E11 /* NSRegularExpression+init.swift */; };
		B21D894225660A3600293E11 /* Record+CoreDataClass.swift in Sources */ = {isa = PBXBuildFile; fileRef = B21D894025660A3600293E11 /* Record+CoreDataClass.swift */; };
		B21D894325660A3600293E11 /* Record+CoreDataProperties.swift in Sources */ = {isa = PBXBuildFile; fileRef = B21D894125660A3600293E11 /* Record+CoreDataProperties.swift */; };
		B21D89542566113900293E11 /* ContactDetailView.swift in Sources */ = {isa = PBXBuildFile; fileRef = B21D89532566113900293E11 /* ContactDetailView.swift */; };
		B21D89592566116400293E11 /* ContactListRow.swift in Sources */ = {isa = PBXBuildFile; fileRef = B21D89582566116400293E11 /* ContactListRow.swift */; };
		B21D895E2566173100293E11 /* DefaultButtonStyle.swift in Sources */ = {isa = PBXBuildFile; fileRef = B21D895D2566173100293E11 /* DefaultButtonStyle.swift */; };
		B21D89662566F51000293E11 /* QRCodeView.swift in Sources */ = {isa = PBXBuildFile; fileRef = B21D89652566F51000293E11 /* QRCodeView.swift */; };
		B24DECD025635A1000947763 /* TagApp.swift in Sources */ = {isa = PBXBuildFile; fileRef = B24DECCF25635A1000947763 /* TagApp.swift */; };
		B24DECD425635A1100947763 /* Assets.xcassets in Resources */ = {isa = PBXBuildFile; fileRef = B24DECD325635A1100947763 /* Assets.xcassets */; };
		B24DECD725635A1100947763 /* Preview Assets.xcassets in Resources */ = {isa = PBXBuildFile; fileRef = B24DECD625635A1100947763 /* Preview Assets.xcassets */; };
		B24DECD925635A1100947763 /* Persistence.swift in Sources */ = {isa = PBXBuildFile; fileRef = B24DECD825635A1100947763 /* Persistence.swift */; };
		B24DECDC25635A1100947763 /* Tag.xcdatamodeld in Sources */ = {isa = PBXBuildFile; fileRef = B24DECDA25635A1100947763 /* Tag.xcdatamodeld */; };
		B24DECE725635A1100947763 /* TagTests.swift in Sources */ = {isa = PBXBuildFile; fileRef = B24DECE625635A1100947763 /* TagTests.swift */; };
		B24DECF225635A1100947763 /* TagUITests.swift in Sources */ = {isa = PBXBuildFile; fileRef = B24DECF125635A1100947763 /* TagUITests.swift */; };
		B24DED0925635ACB00947763 /* MainView.swift in Sources */ = {isa = PBXBuildFile; fileRef = B24DED0825635ACB00947763 /* MainView.swift */; };
		B24DED0F25636BF200947763 /* ScanDocumentView.swift in Sources */ = {isa = PBXBuildFile; fileRef = B24DED0E25636BF200947763 /* ScanDocumentView.swift */; };
		B2852A102575A97B00242C78 /* SearchView.swift in Sources */ = {isa = PBXBuildFile; fileRef = B2852A0F2575A97B00242C78 /* SearchView.swift */; };
		B2852A152575AA6B00242C78 /* View+dismissKeyboard.swift in Sources */ = {isa = PBXBuildFile; fileRef = B2852A142575AA6B00242C78 /* View+dismissKeyboard.swift */; };
		B2852A1A2575AAEA00242C78 /* ContactMainView.swift in Sources */ = {isa = PBXBuildFile; fileRef = B2852A192575AAEA00242C78 /* ContactMainView.swift */; };
/* End PBXBuildFile section */

/* Begin PBXContainerItemProxy section */
		B24DECE325635A1100947763 /* PBXContainerItemProxy */ = {
			isa = PBXContainerItemProxy;
			containerPortal = B24DECC425635A1000947763 /* Project object */;
			proxyType = 1;
			remoteGlobalIDString = B24DECCB25635A1000947763;
			remoteInfo = Tag;
		};
		B24DECEE25635A1100947763 /* PBXContainerItemProxy */ = {
			isa = PBXContainerItemProxy;
			containerPortal = B24DECC425635A1000947763 /* Project object */;
			proxyType = 1;
			remoteGlobalIDString = B24DECCB25635A1000947763;
			remoteInfo = Tag;
		};
/* End PBXContainerItemProxy section */

/* Begin PBXFileReference section */
		B21102F0257FD9B100648FC1 /* SplashScreen.swift */ = {isa = PBXFileReference; lastKnownFileType = sourcecode.swift; path = SplashScreen.swift; sourceTree = "<group>"; };
		B21102F9257FE4F000648FC1 /* String+FirstLetter.swift */ = {isa = PBXFileReference; fileEncoding = 4; lastKnownFileType = sourcecode.swift; path = "String+FirstLetter.swift"; sourceTree = "<group>"; };
		B2110306258013DB00648FC1 /* NavigationBarModifier.swift */ = {isa = PBXFileReference; lastKnownFileType = sourcecode.swift; path = NavigationBarModifier.swift; sourceTree = "<group>"; };
		B211030B258064DC00648FC1 /* ContactDetailInfoView.swift */ = {isa = PBXFileReference; lastKnownFileType = sourcecode.swift; path = ContactDetailInfoView.swift; sourceTree = "<group>"; };
		B2110316258152A100648FC1 /* ExportHelper.swift */ = {isa = PBXFileReference; lastKnownFileType = sourcecode.swift; path = ExportHelper.swift; sourceTree = "<group>"; };
		B21103252581990500648FC1 /* ContactDetailModifyView.swift */ = {isa = PBXFileReference; lastKnownFileType = sourcecode.swift; path = ContactDetailModifyView.swift; sourceTree = "<group>"; };
		B21D8912256402C000293E11 /* ContactListView.swift */ = {isa = PBXFileReference; lastKnownFileType = sourcecode.swift; path = ContactListView.swift; sourceTree = "<group>"; };
		B21D891D256496E500293E11 /* ProcessItemView.swift */ = {isa = PBXFileReference; lastKnownFileType = sourcecode.swift; path = ProcessItemView.swift; sourceTree = "<group>"; };
		B21D89222564B47900293E11 /* ContactRecordModel.swift */ = {isa = PBXFileReference; lastKnownFileType = sourcecode.swift; path = ContactRecordModel.swift; sourceTree = "<group>"; };
		B21D892C2564E74700293E11 /* NSRegularExpression+init.swift */ = {isa = PBXFileReference; lastKnownFileType = sourcecode.swift; path = "NSRegularExpression+init.swift"; sourceTree = "<group>"; };
		B21D894025660A3600293E11 /* Record+CoreDataClass.swift */ = {isa = PBXFileReference; lastKnownFileType = sourcecode.swift; path = "Record+CoreDataClass.swift"; sourceTree = "<group>"; };
		B21D894125660A3600293E11 /* Record+CoreDataProperties.swift */ = {isa = PBXFileReference; lastKnownFileType = sourcecode.swift; path = "Record+CoreDataProperties.swift"; sourceTree = "<group>"; };
		B21D89532566113900293E11 /* ContactDetailView.swift */ = {isa = PBXFileReference; lastKnownFileType = sourcecode.swift; path = ContactDetailView.swift; sourceTree = "<group>"; };
		B21D89582566116400293E11 /* ContactListRow.swift */ = {isa = PBXFileReference; lastKnownFileType = sourcecode.swift; path = ContactListRow.swift; sourceTree = "<group>"; };
		B21D895D2566173100293E11 /* DefaultButtonStyle.swift */ = {isa = PBXFileReference; fileEncoding = 4; lastKnownFileType = sourcecode.swift; name = DefaultButtonStyle.swift; path = "../../../Classics/Classics/View Constants/DefaultButtonStyle.swift"; sourceTree = "<group>"; };
		B21D89652566F51000293E11 /* QRCodeView.swift */ = {isa = PBXFileReference; lastKnownFileType = sourcecode.swift; path = QRCodeView.swift; sourceTree = "<group>"; };
		B24DECCC25635A1000947763 /* Tag.app */ = {isa = PBXFileReference; explicitFileType = wrapper.application; includeInIndex = 0; path = Tag.app; sourceTree = BUILT_PRODUCTS_DIR; };
		B24DECCF25635A1000947763 /* TagApp.swift */ = {isa = PBXFileReference; lastKnownFileType = sourcecode.swift; path = TagApp.swift; sourceTree = "<group>"; };
		B24DECD325635A1100947763 /* Assets.xcassets */ = {isa = PBXFileReference; lastKnownFileType = folder.assetcatalog; path = Assets.xcassets; sourceTree = "<group>"; };
		B24DECD625635A1100947763 /* Preview Assets.xcassets */ = {isa = PBXFileReference; lastKnownFileType = folder.assetcatalog; path = "Preview Assets.xcassets"; sourceTree = "<group>"; };
		B24DECD825635A1100947763 /* Persistence.swift */ = {isa = PBXFileReference; lastKnownFileType = sourcecode.swift; path = Persistence.swift; sourceTree = "<group>"; };
		B24DECDB25635A1100947763 /* Tag.xcdatamodel */ = {isa = PBXFileReference; lastKnownFileType = wrapper.xcdatamodel; path = Tag.xcdatamodel; sourceTree = "<group>"; };
		B24DECDD25635A1100947763 /* Info.plist */ = {isa = PBXFileReference; lastKnownFileType = text.plist.xml; path = Info.plist; sourceTree = "<group>"; };
		B24DECE225635A1100947763 /* TagTests.xctest */ = {isa = PBXFileReference; explicitFileType = wrapper.cfbundle; includeInIndex = 0; path = TagTests.xctest; sourceTree = BUILT_PRODUCTS_DIR; };
		B24DECE625635A1100947763 /* TagTests.swift */ = {isa = PBXFileReference; lastKnownFileType = sourcecode.swift; path = TagTests.swift; sourceTree = "<group>"; };
		B24DECE825635A1100947763 /* Info.plist */ = {isa = PBXFileReference; lastKnownFileType = text.plist.xml; path = Info.plist; sourceTree = "<group>"; };
		B24DECED25635A1100947763 /* TagUITests.xctest */ = {isa = PBXFileReference; explicitFileType = wrapper.cfbundle; includeInIndex = 0; path = TagUITests.xctest; sourceTree = BUILT_PRODUCTS_DIR; };
		B24DECF125635A1100947763 /* TagUITests.swift */ = {isa = PBXFileReference; lastKnownFileType = sourcecode.swift; path = TagUITests.swift; sourceTree = "<group>"; };
		B24DECF325635A1100947763 /* Info.plist */ = {isa = PBXFileReference; lastKnownFileType = text.plist.xml; path = Info.plist; sourceTree = "<group>"; };
		B24DED0825635ACB00947763 /* MainView.swift */ = {isa = PBXFileReference; lastKnownFileType = sourcecode.swift; path = MainView.swift; sourceTree = "<group>"; };
		B24DED0E25636BF200947763 /* ScanDocumentView.swift */ = {isa = PBXFileReference; lastKnownFileType = sourcecode.swift; path = ScanDocumentView.swift; sourceTree = "<group>"; };
		B2852A0F2575A97B00242C78 /* SearchView.swift */ = {isa = PBXFileReference; fileEncoding = 4; lastKnownFileType = sourcecode.swift; path = SearchView.swift; sourceTree = "<group>"; };
		B2852A142575AA6B00242C78 /* View+dismissKeyboard.swift */ = {isa = PBXFileReference; fileEncoding = 4; lastKnownFileType = sourcecode.swift; path = "View+dismissKeyboard.swift"; sourceTree = "<group>"; };
		B2852A192575AAEA00242C78 /* ContactMainView.swift */ = {isa = PBXFileReference; lastKnownFileType = sourcecode.swift; path = ContactMainView.swift; sourceTree = "<group>"; };
/* End PBXFileReference section */

/* Begin PBXFrameworksBuildPhase section */
		B24DECC925635A1000947763 /* Frameworks */ = {
			isa = PBXFrameworksBuildPhase;
			buildActionMask = 2147483647;
			files = (
			);
			runOnlyForDeploymentPostprocessing = 0;
		};
		B24DECDF25635A1100947763 /* Frameworks */ = {
			isa = PBXFrameworksBuildPhase;
			buildActionMask = 2147483647;
			files = (
			);
			runOnlyForDeploymentPostprocessing = 0;
		};
		B24DECEA25635A1100947763 /* Frameworks */ = {
			isa = PBXFrameworksBuildPhase;
			buildActionMask = 2147483647;
			files = (
			);
			runOnlyForDeploymentPostprocessing = 0;
		};
/* End PBXFrameworksBuildPhase section */

/* Begin PBXGroup section */
		B21D89312565EEBB00293E11 /* Core Data */ = {
			isa = PBXGroup;
			children = (
				B21D894025660A3600293E11 /* Record+CoreDataClass.swift */,
				B21D894125660A3600293E11 /* Record+CoreDataProperties.swift */,
				B24DECDA25635A1100947763 /* Tag.xcdatamodeld */,
				B24DECD825635A1100947763 /* Persistence.swift */,
			);
			path = "Core Data";
			sourceTree = "<group>";
		};
		B24DECC325635A1000947763 = {
			isa = PBXGroup;
			children = (
				B24DECCE25635A1000947763 /* Tag */,
				B24DECE525635A1100947763 /* TagTests */,
				B24DECF025635A1100947763 /* TagUITests */,
				B24DECCD25635A1000947763 /* Products */,
			);
			sourceTree = "<group>";
		};
		B24DECCD25635A1000947763 /* Products */ = {
			isa = PBXGroup;
			children = (
				B24DECCC25635A1000947763 /* Tag.app */,
				B24DECE225635A1100947763 /* TagTests.xctest */,
				B24DECED25635A1100947763 /* TagUITests.xctest */,
			);
			name = Products;
			sourceTree = "<group>";
		};
		B24DECCE25635A1000947763 /* Tag */ = {
			isa = PBXGroup;
			children = (
				B21D89312565EEBB00293E11 /* Core Data */,
				B24DED0425635A7D00947763 /* View Constants */,
				B24DED0325635A4E00947763 /* Views */,
				B24DED0225635A4100947763 /* Models */,
				B24DECCF25635A1000947763 /* TagApp.swift */,
				B24DECD325635A1100947763 /* Assets.xcassets */,
				B24DECDD25635A1100947763 /* Info.plist */,
				B24DECD525635A1100947763 /* Preview Content */,
			);
			path = Tag;
			sourceTree = "<group>";
		};
		B24DECD525635A1100947763 /* Preview Content */ = {
			isa = PBXGroup;
			children = (
				B24DECD625635A1100947763 /* Preview Assets.xcassets */,
			);
			path = "Preview Content";
			sourceTree = "<group>";
		};
		B24DECE525635A1100947763 /* TagTests */ = {
			isa = PBXGroup;
			children = (
				B24DECE625635A1100947763 /* TagTests.swift */,
				B24DECE825635A1100947763 /* Info.plist */,
			);
			path = TagTests;
			sourceTree = "<group>";
		};
		B24DECF025635A1100947763 /* TagUITests */ = {
			isa = PBXGroup;
			children = (
				B24DECF125635A1100947763 /* TagUITests.swift */,
				B24DECF325635A1100947763 /* Info.plist */,
			);
			path = TagUITests;
			sourceTree = "<group>";
		};
		B24DED0225635A4100947763 /* Models */ = {
			isa = PBXGroup;
			children = (
				B21102F9257FE4F000648FC1 /* String+FirstLetter.swift */,
				B2852A142575AA6B00242C78 /* View+dismissKeyboard.swift */,
				B21D89222564B47900293E11 /* ContactRecordModel.swift */,
				B21D892C2564E74700293E11 /* NSRegularExpression+init.swift */,
				B2110306258013DB00648FC1 /* NavigationBarModifier.swift */,
				B2110316258152A100648FC1 /* ExportHelper.swift */,
			);
			path = Models;
			sourceTree = "<group>";
		};
		B24DED0325635A4E00947763 /* Views */ = {
			isa = PBXGroup;
			children = (
				B24DED0825635ACB00947763 /* MainView.swift */,
				B2852A192575AAEA00242C78 /* ContactMainView.swift */,
				B24DED0E25636BF200947763 /* ScanDocumentView.swift */,
				B21D8912256402C000293E11 /* ContactListView.swift */,
				B21D891D256496E500293E11 /* ProcessItemView.swift */,
				B21D89532566113900293E11 /* ContactDetailView.swift */,
				B211030B258064DC00648FC1 /* ContactDetailInfoView.swift */,
				B21103252581990500648FC1 /* ContactDetailModifyView.swift */,
				B21D89582566116400293E11 /* ContactListRow.swift */,
				B21D89652566F51000293E11 /* QRCodeView.swift */,
				B21102F0257FD9B100648FC1 /* SplashScreen.swift */,
				B2852A0F2575A97B00242C78 /* SearchView.swift */,
			);
			path = Views;
			sourceTree = "<group>";
		};
		B24DED0425635A7D00947763 /* View Constants */ = {
			isa = PBXGroup;
			children = (
				B21D895D2566173100293E11 /* DefaultButtonStyle.swift */,
			);
			path = "View Constants";
			sourceTree = "<group>";
		};
/* End PBXGroup section */

/* Begin PBXNativeTarget section */
		B24DECCB25635A1000947763 /* Tag */ = {
			isa = PBXNativeTarget;
			buildConfigurationList = B24DECF625635A1100947763 /* Build configuration list for PBXNativeTarget "Tag" */;
			buildPhases = (
				B24DECC825635A1000947763 /* Sources */,
				B24DECC925635A1000947763 /* Frameworks */,
				B24DECCA25635A1000947763 /* Resources */,
			);
			buildRules = (
			);
			dependencies = (
			);
			name = Tag;
			productName = Tag;
			productReference = B24DECCC25635A1000947763 /* Tag.app */;
			productType = "com.apple.product-type.application";
		};
		B24DECE125635A1100947763 /* TagTests */ = {
			isa = PBXNativeTarget;
			buildConfigurationList = B24DECF925635A1100947763 /* Build configuration list for PBXNativeTarget "TagTests" */;
			buildPhases = (
				B24DECDE25635A1100947763 /* Sources */,
				B24DECDF25635A1100947763 /* Frameworks */,
				B24DECE025635A1100947763 /* Resources */,
			);
			buildRules = (
			);
			dependencies = (
				B24DECE425635A1100947763 /* PBXTargetDependency */,
			);
			name = TagTests;
			productName = TagTests;
			productReference = B24DECE225635A1100947763 /* TagTests.xctest */;
			productType = "com.apple.product-type.bundle.unit-test";
		};
		B24DECEC25635A1100947763 /* TagUITests */ = {
			isa = PBXNativeTarget;
			buildConfigurationList = B24DECFC25635A1100947763 /* Build configuration list for PBXNativeTarget "TagUITests" */;
			buildPhases = (
				B24DECE925635A1100947763 /* Sources */,
				B24DECEA25635A1100947763 /* Frameworks */,
				B24DECEB25635A1100947763 /* Resources */,
			);
			buildRules = (
			);
			dependencies = (
				B24DECEF25635A1100947763 /* PBXTargetDependency */,
			);
			name = TagUITests;
			productName = TagUITests;
			productReference = B24DECED25635A1100947763 /* TagUITests.xctest */;
			productType = "com.apple.product-type.bundle.ui-testing";
		};
/* End PBXNativeTarget section */

/* Begin PBXProject section */
		B24DECC425635A1000947763 /* Project object */ = {
			isa = PBXProject;
			attributes = {
				LastSwiftUpdateCheck = 1210;
				LastUpgradeCheck = 1210;
				TargetAttributes = {
					B24DECCB25635A1000947763 = {
						CreatedOnToolsVersion = 12.1;
					};
					B24DECE125635A1100947763 = {
						CreatedOnToolsVersion = 12.1;
						TestTargetID = B24DECCB25635A1000947763;
					};
					B24DECEC25635A1100947763 = {
						CreatedOnToolsVersion = 12.1;
						TestTargetID = B24DECCB25635A1000947763;
					};
				};
			};
			buildConfigurationList = B24DECC725635A1000947763 /* Build configuration list for PBXProject "Tag" */;
			compatibilityVersion = "Xcode 9.3";
			developmentRegion = en;
			hasScannedForEncodings = 0;
			knownRegions = (
				en,
				Base,
			);
			mainGroup = B24DECC325635A1000947763;
			productRefGroup = B24DECCD25635A1000947763 /* Products */;
			projectDirPath = "";
			projectRoot = "";
			targets = (
				B24DECCB25635A1000947763 /* Tag */,
				B24DECE125635A1100947763 /* TagTests */,
				B24DECEC25635A1100947763 /* TagUITests */,
			);
		};
/* End PBXProject section */

/* Begin PBXResourcesBuildPhase section */
		B24DECCA25635A1000947763 /* Resources */ = {
			isa = PBXResourcesBuildPhase;
			buildActionMask = 2147483647;
			files = (
				B24DECD725635A1100947763 /* Preview Assets.xcassets in Resources */,
				B24DECD425635A1100947763 /* Assets.xcassets in Resources */,
			);
			runOnlyForDeploymentPostprocessing = 0;
		};
		B24DECE025635A1100947763 /* Resources */ = {
			isa = PBXResourcesBuildPhase;
			buildActionMask = 2147483647;
			files = (
			);
			runOnlyForDeploymentPostprocessing = 0;
		};
		B24DECEB25635A1100947763 /* Resources */ = {
			isa = PBXResourcesBuildPhase;
			buildActionMask = 2147483647;
			files = (
			);
			runOnlyForDeploymentPostprocessing = 0;
		};
/* End PBXResourcesBuildPhase section */

/* Begin PBXSourcesBuildPhase section */
		B24DECC825635A1000947763 /* Sources */ = {
			isa = PBXSourcesBuildPhase;
			buildActionMask = 2147483647;
			files = (
				B2110307258013DB00648FC1 /* NavigationBarModifier.swift in Sources */,
				B211030C258064DC00648FC1 /* ContactDetailInfoView.swift in Sources */,
				B21102F1257FD9B100648FC1 /* SplashScreen.swift in Sources */,
				B24DECDC25635A1100947763 /* Tag.xcdatamodeld in Sources */,
				B24DED0925635ACB00947763 /* MainView.swift in Sources */,
				B21D891E256496E500293E11 /* ProcessItemView.swift in Sources */,
				B24DECD925635A1100947763 /* Persistence.swift in Sources */,
				B2852A152575AA6B00242C78 /* View+dismissKeyboard.swift in Sources */,
				B21D89662566F51000293E11 /* QRCodeView.swift in Sources */,
				B21D895E2566173100293E11 /* DefaultButtonStyle.swift in Sources */,
				B2852A102575A97B00242C78 /* SearchView.swift in Sources */,
				B21D894325660A3600293E11 /* Record+CoreDataProperties.swift in Sources */,
				B2110317258152A100648FC1 /* ExportHelper.swift in Sources */,
				B2852A1A2575AAEA00242C78 /* ContactMainView.swift in Sources */,
				B21D89542566113900293E11 /* ContactDetailView.swift in Sources */,
				B21D8913256402C000293E11 /* ContactListView.swift in Sources */,
				B21D894225660A3600293E11 /* Record+CoreDataClass.swift in Sources */,
				B21D892D2564E74700293E11 /* NSRegularExpression+init.swift in Sources */,
				B24DED0F25636BF200947763 /* ScanDocumentView.swift in Sources */,
				B24DECD025635A1000947763 /* TagApp.swift in Sources */,
				B21102FA257FE4F000648FC1 /* String+FirstLetter.swift in Sources */,
				B21D89232564B47900293E11 /* ContactRecordModel.swift in Sources */,
				B21D89592566116400293E11 /* ContactListRow.swift in Sources */,
				B21103262581990500648FC1 /* ContactDetailModifyView.swift in Sources */,
			);
			runOnlyForDeploymentPostprocessing = 0;
		};
		B24DECDE25635A1100947763 /* Sources */ = {
			isa = PBXSourcesBuildPhase;
			buildActionMask = 2147483647;
			files = (
				B24DECE725635A1100947763 /* TagTests.swift in Sources */,
			);
			runOnlyForDeploymentPostprocessing = 0;
		};
		B24DECE925635A1100947763 /* Sources */ = {
			isa = PBXSourcesBuildPhase;
			buildActionMask = 2147483647;
			files = (
				B24DECF225635A1100947763 /* TagUITests.swift in Sources */,
			);
			runOnlyForDeploymentPostprocessing = 0;
		};
/* End PBXSourcesBuildPhase section */

/* Begin PBXTargetDependency section */
		B24DECE425635A1100947763 /* PBXTargetDependency */ = {
			isa = PBXTargetDependency;
			target = B24DECCB25635A1000947763 /* Tag */;
			targetProxy = B24DECE325635A1100947763 /* PBXContainerItemProxy */;
		};
		B24DECEF25635A1100947763 /* PBXTargetDependency */ = {
			isa = PBXTargetDependency;
			target = B24DECCB25635A1000947763 /* Tag */;
			targetProxy = B24DECEE25635A1100947763 /* PBXContainerItemProxy */;
		};
/* End PBXTargetDependency section */

/* Begin XCBuildConfiguration section */
		B24DECF425635A1100947763 /* Debug */ = {
			isa = XCBuildConfiguration;
			buildSettings = {
				ALWAYS_SEARCH_USER_PATHS = NO;
				CLANG_ANALYZER_NONNULL = YES;
				CLANG_ANALYZER_NUMBER_OBJECT_CONVERSION = YES_AGGRESSIVE;
				CLANG_CXX_LANGUAGE_STANDARD = "gnu++14";
				CLANG_CXX_LIBRARY = "libc++";
				CLANG_ENABLE_MODULES = YES;
				CLANG_ENABLE_OBJC_ARC = YES;
				CLANG_ENABLE_OBJC_WEAK = YES;
				CLANG_WARN_BLOCK_CAPTURE_AUTORELEASING = YES;
				CLANG_WARN_BOOL_CONVERSION = YES;
				CLANG_WARN_COMMA = YES;
				CLANG_WARN_CONSTANT_CONVERSION = YES;
				CLANG_WARN_DEPRECATED_OBJC_IMPLEMENTATIONS = YES;
				CLANG_WARN_DIRECT_OBJC_ISA_USAGE = YES_ERROR;
				CLANG_WARN_DOCUMENTATION_COMMENTS = YES;
				CLANG_WARN_EMPTY_BODY = YES;
				CLANG_WARN_ENUM_CONVERSION = YES;
				CLANG_WARN_INFINITE_RECURSION = YES;
				CLANG_WARN_INT_CONVERSION = YES;
				CLANG_WARN_NON_LITERAL_NULL_CONVERSION = YES;
				CLANG_WARN_OBJC_IMPLICIT_RETAIN_SELF = YES;
				CLANG_WARN_OBJC_LITERAL_CONVERSION = YES;
				CLANG_WARN_OBJC_ROOT_CLASS = YES_ERROR;
				CLANG_WARN_QUOTED_INCLUDE_IN_FRAMEWORK_HEADER = YES;
				CLANG_WARN_RANGE_LOOP_ANALYSIS = YES;
				CLANG_WARN_STRICT_PROTOTYPES = YES;
				CLANG_WARN_SUSPICIOUS_MOVE = YES;
				CLANG_WARN_UNGUARDED_AVAILABILITY = YES_AGGRESSIVE;
				CLANG_WARN_UNREACHABLE_CODE = YES;
				CLANG_WARN__DUPLICATE_METHOD_MATCH = YES;
				COPY_PHASE_STRIP = NO;
				DEBUG_INFORMATION_FORMAT = dwarf;
				ENABLE_STRICT_OBJC_MSGSEND = YES;
				ENABLE_TESTABILITY = YES;
				GCC_C_LANGUAGE_STANDARD = gnu11;
				GCC_DYNAMIC_NO_PIC = NO;
				GCC_NO_COMMON_BLOCKS = YES;
				GCC_OPTIMIZATION_LEVEL = 0;
				GCC_PREPROCESSOR_DEFINITIONS = (
					"DEBUG=1",
					"$(inherited)",
				);
				GCC_WARN_64_TO_32_BIT_CONVERSION = YES;
				GCC_WARN_ABOUT_RETURN_TYPE = YES_ERROR;
				GCC_WARN_UNDECLARED_SELECTOR = YES;
				GCC_WARN_UNINITIALIZED_AUTOS = YES_AGGRESSIVE;
				GCC_WARN_UNUSED_FUNCTION = YES;
				GCC_WARN_UNUSED_VARIABLE = YES;
				IPHONEOS_DEPLOYMENT_TARGET = 14.1;
				MTL_ENABLE_DEBUG_INFO = INCLUDE_SOURCE;
				MTL_FAST_MATH = YES;
				ONLY_ACTIVE_ARCH = YES;
				SDKROOT = iphoneos;
				SWIFT_ACTIVE_COMPILATION_CONDITIONS = DEBUG;
				SWIFT_OPTIMIZATION_LEVEL = "-Onone";
			};
			name = Debug;
		};
		B24DECF525635A1100947763 /* Release */ = {
			isa = XCBuildConfiguration;
			buildSettings = {
				ALWAYS_SEARCH_USER_PATHS = NO;
				CLANG_ANALYZER_NONNULL = YES;
				CLANG_ANALYZER_NUMBER_OBJECT_CONVERSION = YES_AGGRESSIVE;
				CLANG_CXX_LANGUAGE_STANDARD = "gnu++14";
				CLANG_CXX_LIBRARY = "libc++";
				CLANG_ENABLE_MODULES = YES;
				CLANG_ENABLE_OBJC_ARC = YES;
				CLANG_ENABLE_OBJC_WEAK = YES;
				CLANG_WARN_BLOCK_CAPTURE_AUTORELEASING = YES;
				CLANG_WARN_BOOL_CONVERSION = YES;
				CLANG_WARN_COMMA = YES;
				CLANG_WARN_CONSTANT_CONVERSION = YES;
				CLANG_WARN_DEPRECATED_OBJC_IMPLEMENTATIONS = YES;
				CLANG_WARN_DIRECT_OBJC_ISA_USAGE = YES_ERROR;
				CLANG_WARN_DOCUMENTATION_COMMENTS = YES;
				CLANG_WARN_EMPTY_BODY = YES;
				CLANG_WARN_ENUM_CONVERSION = YES;
				CLANG_WARN_INFINITE_RECURSION = YES;
				CLANG_WARN_INT_CONVERSION = YES;
				CLANG_WARN_NON_LITERAL_NULL_CONVERSION = YES;
				CLANG_WARN_OBJC_IMPLICIT_RETAIN_SELF = YES;
				CLANG_WARN_OBJC_LITERAL_CONVERSION = YES;
				CLANG_WARN_OBJC_ROOT_CLASS = YES_ERROR;
				CLANG_WARN_QUOTED_INCLUDE_IN_FRAMEWORK_HEADER = YES;
				CLANG_WARN_RANGE_LOOP_ANALYSIS = YES;
				CLANG_WARN_STRICT_PROTOTYPES = YES;
				CLANG_WARN_SUSPICIOUS_MOVE = YES;
				CLANG_WARN_UNGUARDED_AVAILABILITY = YES_AGGRESSIVE;
				CLANG_WARN_UNREACHABLE_CODE = YES;
				CLANG_WARN__DUPLICATE_METHOD_MATCH = YES;
				COPY_PHASE_STRIP = NO;
				DEBUG_INFORMATION_FORMAT = "dwarf-with-dsym";
				ENABLE_NS_ASSERTIONS = NO;
				ENABLE_STRICT_OBJC_MSGSEND = YES;
				GCC_C_LANGUAGE_STANDARD = gnu11;
				GCC_NO_COMMON_BLOCKS = YES;
				GCC_WARN_64_TO_32_BIT_CONVERSION = YES;
				GCC_WARN_ABOUT_RETURN_TYPE = YES_ERROR;
				GCC_WARN_UNDECLARED_SELECTOR = YES;
				GCC_WARN_UNINITIALIZED_AUTOS = YES_AGGRESSIVE;
				GCC_WARN_UNUSED_FUNCTION = YES;
				GCC_WARN_UNUSED_VARIABLE = YES;
				IPHONEOS_DEPLOYMENT_TARGET = 14.1;
				MTL_ENABLE_DEBUG_INFO = NO;
				MTL_FAST_MATH = YES;
				SDKROOT = iphoneos;
				SWIFT_COMPILATION_MODE = wholemodule;
				SWIFT_OPTIMIZATION_LEVEL = "-O";
				VALIDATE_PRODUCT = YES;
			};
			name = Release;
		};
		B24DECF725635A1100947763 /* Debug */ = {
			isa = XCBuildConfiguration;
			buildSettings = {
				ASSETCATALOG_COMPILER_APPICON_NAME = AppIcon;
				ASSETCATALOG_COMPILER_GLOBAL_ACCENT_COLOR_NAME = AccentColor;
				CODE_SIGN_STYLE = Automatic;
				DEVELOPMENT_ASSET_PATHS = "\"Tag/Preview Content\"";
				DEVELOPMENT_TEAM = 7RMY788NB8;
				ENABLE_PREVIEWS = YES;
				INFOPLIST_FILE = Tag/Info.plist;
				IPHONEOS_DEPLOYMENT_TARGET = 14.0;
				LD_RUNPATH_SEARCH_PATHS = (
					"$(inherited)",
					"@executable_path/Frameworks",
				);
				PRODUCT_BUNDLE_IDENTIFIER = PSU.Tag;
				PRODUCT_NAME = "$(TARGET_NAME)";
				SWIFT_VERSION = 5.0;
				TARGETED_DEVICE_FAMILY = "1,2";
			};
			name = Debug;
		};
		B24DECF825635A1100947763 /* Release */ = {
			isa = XCBuildConfiguration;
			buildSettings = {
				ASSETCATALOG_COMPILER_APPICON_NAME = AppIcon;
				ASSETCATALOG_COMPILER_GLOBAL_ACCENT_COLOR_NAME = AccentColor;
				CODE_SIGN_STYLE = Automatic;
				DEVELOPMENT_ASSET_PATHS = "\"Tag/Preview Content\"";
				DEVELOPMENT_TEAM = 7RMY788NB8;
				ENABLE_PREVIEWS = YES;
				INFOPLIST_FILE = Tag/Info.plist;
				IPHONEOS_DEPLOYMENT_TARGET = 14.0;
				LD_RUNPATH_SEARCH_PATHS = (
					"$(inherited)",
					"@executable_path/Frameworks",
				);
				PRODUCT_BUNDLE_IDENTIFIER = PSU.Tag;
				PRODUCT_NAME = "$(TARGET_NAME)";
				SWIFT_VERSION = 5.0;
				TARGETED_DEVICE_FAMILY = "1,2";
			};
			name = Release;
		};
		B24DECFA25635A1100947763 /* Debug */ = {
			isa = XCBuildConfiguration;
			buildSettings = {
				ALWAYS_EMBED_SWIFT_STANDARD_LIBRARIES = YES;
				BUNDLE_LOADER = "$(TEST_HOST)";
				CODE_SIGN_STYLE = Automatic;
				DEVELOPMENT_TEAM = 7RMY788NB8;
				INFOPLIST_FILE = TagTests/Info.plist;
				IPHONEOS_DEPLOYMENT_TARGET = 14.0;
				LD_RUNPATH_SEARCH_PATHS = (
					"$(inherited)",
					"@executable_path/Frameworks",
					"@loader_path/Frameworks",
				);
				PRODUCT_BUNDLE_IDENTIFIER = PSU.TagTests;
				PRODUCT_NAME = "$(TARGET_NAME)";
				SWIFT_VERSION = 5.0;
				TARGETED_DEVICE_FAMILY = "1,2";
				TEST_HOST = "$(BUILT_PRODUCTS_DIR)/Tag.app/Tag";
			};
			name = Debug;
		};
		B24DECFB25635A1100947763 /* Release */ = {
			isa = XCBuildConfiguration;
			buildSettings = {
				ALWAYS_EMBED_SWIFT_STANDARD_LIBRARIES = YES;
				BUNDLE_LOADER = "$(TEST_HOST)";
				CODE_SIGN_STYLE = Automatic;
				DEVELOPMENT_TEAM = 7RMY788NB8;
				INFOPLIST_FILE = TagTests/Info.plist;
				IPHONEOS_DEPLOYMENT_TARGET = 14.0;
				LD_RUNPATH_SEARCH_PATHS = (
					"$(inherited)",
					"@executable_path/Frameworks",
					"@loader_path/Frameworks",
				);
				PRODUCT_BUNDLE_IDENTIFIER = PSU.TagTests;
				PRODUCT_NAME = "$(TARGET_NAME)";
				SWIFT_VERSION = 5.0;
				TARGETED_DEVICE_FAMILY = "1,2";
				TEST_HOST = "$(BUILT_PRODUCTS_DIR)/Tag.app/Tag";
			};
			name = Release;
		};
		B24DECFD25635A1100947763 /* Debug */ = {
			isa = XCBuildConfiguration;
			buildSettings = {
				ALWAYS_EMBED_SWIFT_STANDARD_LIBRARIES = YES;
				CODE_SIGN_STYLE = Automatic;
				DEVELOPMENT_TEAM = 7RMY788NB8;
				INFOPLIST_FILE = TagUITests/Info.plist;
				LD_RUNPATH_SEARCH_PATHS = (
					"$(inherited)",
					"@executable_path/Frameworks",
					"@loader_path/Frameworks",
				);
				PRODUCT_BUNDLE_IDENTIFIER = PSU.TagUITests;
				PRODUCT_NAME = "$(TARGET_NAME)";
				SWIFT_VERSION = 5.0;
				TARGETED_DEVICE_FAMILY = "1,2";
				TEST_TARGET_NAME = Tag;
			};
			name = Debug;
		};
		B24DECFE25635A1100947763 /* Release */ = {
			isa = XCBuildConfiguration;
			buildSettings = {
				ALWAYS_EMBED_SWIFT_STANDARD_LIBRARIES = YES;
				CODE_SIGN_STYLE = Automatic;
				DEVELOPMENT_TEAM = 7RMY788NB8;
				INFOPLIST_FILE = TagUITests/Info.plist;
				LD_RUNPATH_SEARCH_PATHS = (
					"$(inherited)",
					"@executable_path/Frameworks",
					"@loader_path/Frameworks",
				);
				PRODUCT_BUNDLE_IDENTIFIER = PSU.TagUITests;
				PRODUCT_NAME = "$(TARGET_NAME)";
				SWIFT_VERSION = 5.0;
				TARGETED_DEVICE_FAMILY = "1,2";
				TEST_TARGET_NAME = Tag;
			};
			name = Release;
		};
/* End XCBuildConfiguration section */

/* Begin XCConfigurationList section */
		B24DECC725635A1000947763 /* Build configuration list for PBXProject "Tag" */ = {
			isa = XCConfigurationList;
			buildConfigurations = (
				B24DECF425635A1100947763 /* Debug */,
				B24DECF525635A1100947763 /* Release */,
			);
			defaultConfigurationIsVisible = 0;
			defaultConfigurationName = Release;
		};
		B24DECF625635A1100947763 /* Build configuration list for PBXNativeTarget "Tag" */ = {
			isa = XCConfigurationList;
			buildConfigurations = (
				B24DECF725635A1100947763 /* Debug */,
				B24DECF825635A1100947763 /* Release */,
			);
			defaultConfigurationIsVisible = 0;
			defaultConfigurationName = Release;
		};
		B24DECF925635A1100947763 /* Build configuration list for PBXNativeTarget "TagTests" */ = {
			isa = XCConfigurationList;
			buildConfigurations = (
				B24DECFA25635A1100947763 /* Debug */,
				B24DECFB25635A1100947763 /* Release */,
			);
			defaultConfigurationIsVisible = 0;
			defaultConfigurationName = Release;
		};
		B24DECFC25635A1100947763 /* Build configuration list for PBXNativeTarget "TagUITests" */ = {
			isa = XCConfigurationList;
			buildConfigurations = (
				B24DECFD25635A1100947763 /* Debug */,
				B24DECFE25635A1100947763 /* Release */,
			);
			defaultConfigurationIsVisible = 0;
			defaultConfigurationName = Release;
		};
/* End XCConfigurationList section */

/* Begin XCVersionGroup section */
		B24DECDA25635A1100947763 /* Tag.xcdatamodeld */ = {
			isa = XCVersionGroup;
			children = (
				B24DECDB25635A1100947763 /* Tag.xcdatamodel */,
			);
			currentVersion = B24DECDB25635A1100947763 /* Tag.xcdatamodel */;
			path = Tag.xcdatamodeld;
			sourceTree = "<group>";
			versionGroupType = wrapper.xcdatamodel;
		};
/* End XCVersionGroup section */
	};
	rootObject = B24DECC425635A1000947763 /* Project object */;
}
